
Microsoft Visual Studio Solution File, Format Version 12.00
# Visual Studio Version 17
VisualStudioVersion = 17.0.31903.59
MinimumVisualStudioVersion = 10.0.40219.1
Project("{2150E333-8FDC-42A3-9474-1A3956D46DE8}") = "backend", "backend", "{AFCD1AFF-062D-4F6C-B923-7A375EDA7824}"
EndProject
Project("{2150E333-8FDC-42A3-9474-1A3956D46DE8}") = "src", "src", "{7C045376-71EC-4062-A6BD-A564B0165B17}"
EndProject
Project("{FAE04EC0-301F-11D3-BF4B-00C04F79EFBC}") = "BudgetBuddy.Domain", "backend\src\BudgetBuddy.Domain\BudgetBuddy.Domain.csproj", "{CB2E3345-ADC2-47DC-9AC0-0B7F7A24D825}"
EndProject
Project("{FAE04EC0-301F-11D3-BF4B-00C04F79EFBC}") = "BudgetBuddy.Infrastructure", "backend\src\BudgetBuddy.Infrastructure\BudgetBuddy.Infrastructure.csproj", "{3AAE8E41-DFDF-4308-A802-EA539AFAEA19}"
EndProject
Project("{FAE04EC0-301F-11D3-BF4B-00C04F79EFBC}") = "BudgetBuddy.Tests", "backend\src\BudgetBuddy.Tests\BudgetBuddy.Tests.csproj", "{B3A9CDEA-146D-4089-8314-012FBCB8EACF}"
EndProject
Project("{FAE04EC0-301F-11D3-BF4B-00C04F79EFBC}") = "BudgetBuddy.Application", "backend\src\BudgetBuddy.Application\BudgetBuddy.Application.csproj", "{CB9AA48A-BA80-4C39-BEE2-D92585D5394C}"
EndProject
Project("{FAE04EC0-301F-11D3-BF4B-00C04F79EFBC}") = "BudgetBuddy.IoC", "backend\src\BudgetBuddy.IoC\BudgetBuddy.IoC.csproj", "{B400C1B4-EB61-46F2-B5C1-688C30AC1B64}"
EndProject
Global
	GlobalSection(SolutionConfigurationPlatforms) = preSolution
		Debug|Any CPU = Debug|Any CPU
		Release|Any CPU = Release|Any CPU
	EndGlobalSection
	GlobalSection(SolutionProperties) = preSolution
		HideSolutionNode = FALSE
	EndGlobalSection
	GlobalSection(ProjectConfigurationPlatforms) = postSolution
		{CB2E3345-ADC2-47DC-9AC0-0B7F7A24D825}.Debug|Any CPU.ActiveCfg = Debug|Any CPU
		{CB2E3345-ADC2-47DC-9AC0-0B7F7A24D825}.Debug|Any CPU.Build.0 = Debug|Any CPU
		{CB2E3345-ADC2-47DC-9AC0-0B7F7A24D825}.Release|Any CPU.ActiveCfg = Release|Any CPU
		{CB2E3345-ADC2-47DC-9AC0-0B7F7A24D825}.Release|Any CPU.Build.0 = Release|Any CPU
		{3AAE8E41-DFDF-4308-A802-EA539AFAEA19}.Debug|Any CPU.ActiveCfg = Debug|Any CPU
		{3AAE8E41-DFDF-4308-A802-EA539AFAEA19}.Debug|Any CPU.Build.0 = Debug|Any CPU
		{3AAE8E41-DFDF-4308-A802-EA539AFAEA19}.Release|Any CPU.ActiveCfg = Release|Any CPU
		{3AAE8E41-DFDF-4308-A802-EA539AFAEA19}.Release|Any CPU.Build.0 = Release|Any CPU
		{B3A9CDEA-146D-4089-8314-012FBCB8EACF}.Debug|Any CPU.ActiveCfg = Debug|Any CPU
		{B3A9CDEA-146D-4089-8314-012FBCB8EACF}.Debug|Any CPU.Build.0 = Debug|Any CPU
		{B3A9CDEA-146D-4089-8314-012FBCB8EACF}.Release|Any CPU.ActiveCfg = Release|Any CPU
		{B3A9CDEA-146D-4089-8314-012FBCB8EACF}.Release|Any CPU.Build.0 = Release|Any CPU
		{CB9AA48A-BA80-4C39-BEE2-D92585D5394C}.Debug|Any CPU.ActiveCfg = Debug|Any CPU
		{CB9AA48A-BA80-4C39-BEE2-D92585D5394C}.Debug|Any CPU.Build.0 = Debug|Any CPU
		{CB9AA48A-BA80-4C39-BEE2-D92585D5394C}.Release|Any CPU.ActiveCfg = Release|Any CPU
		{CB9AA48A-BA80-4C39-BEE2-D92585D5394C}.Release|Any CPU.Build.0 = Release|Any CPU
		{B400C1B4-EB61-46F2-B5C1-688C30AC1B64}.Debug|Any CPU.ActiveCfg = Debug|Any CPU
		{B400C1B4-EB61-46F2-B5C1-688C30AC1B64}.Debug|Any CPU.Build.0 = Debug|Any CPU
		{B400C1B4-EB61-46F2-B5C1-688C30AC1B64}.Release|Any CPU.ActiveCfg = Release|Any CPU
		{B400C1B4-EB61-46F2-B5C1-688C30AC1B64}.Release|Any CPU.Build.0 = Release|Any CPU
	EndGlobalSection
	GlobalSection(NestedProjects) = preSolution
		{7C045376-71EC-4062-A6BD-A564B0165B17} = {AFCD1AFF-062D-4F6C-B923-7A375EDA7824}
		{CB2E3345-ADC2-47DC-9AC0-0B7F7A24D825} = {7C045376-71EC-4062-A6BD-A564B0165B17}
		{3AAE8E41-DFDF-4308-A802-EA539AFAEA19} = {7C045376-71EC-4062-A6BD-A564B0165B17}
		{B3A9CDEA-146D-4089-8314-012FBCB8EACF} = {7C045376-71EC-4062-A6BD-A564B0165B17}
		{CB9AA48A-BA80-4C39-BEE2-D92585D5394C} = {7C045376-71EC-4062-A6BD-A564B0165B17}
		{B400C1B4-EB61-46F2-B5C1-688C30AC1B64} = {7C045376-71EC-4062-A6BD-A564B0165B17}
	EndGlobalSection
EndGlobal
